
Microsoft Visual Studio Solution File, Format Version 12.00
# Visual Studio Version 16
VisualStudioVersion = 16.0.29009.5
MinimumVisualStudioVersion = 10.0.40219.1
Project("{9A19103F-16F7-4668-BE54-9A1E7A4F7556}") = "csvbuilder-net", "src\csvbuilder-net.csproj", "{F2003CC4-A94C-49C7-832F-B6D558015360}"
EndProject
Project("{2150E333-8FDC-42A3-9474-1A3956D46DE8}") = "Doc", "Doc", "{6973E143-3140-40D8-850B-86F1CF7DFE05}"
	ProjectSection(SolutionItems) = preProject
		LICENSE = LICENSE
		README.md = README.md
	EndProjectSection
EndProject
Global
	GlobalSection(SolutionConfigurationPlatforms) = preSolution
		Debug|Any CPU = Debug|Any CPU
		Release|Any CPU = Release|Any CPU
	EndGlobalSection
	GlobalSection(ProjectConfigurationPlatforms) = postSolution
		{F2003CC4-A94C-49C7-832F-B6D558015360}.Debug|Any CPU.ActiveCfg = Debug|Any CPU
		{F2003CC4-A94C-49C7-832F-B6D558015360}.Debug|Any CPU.Build.0 = Debug|Any CPU
		{F2003CC4-A94C-49C7-832F-B6D558015360}.Release|Any CPU.ActiveCfg = Release|Any CPU
		{F2003CC4-A94C-49C7-832F-B6D558015360}.Release|Any CPU.Build.0 = Release|Any CPU
	EndGlobalSection
	GlobalSection(SolutionProperties) = preSolution
		HideSolutionNode = FALSE
	EndGlobalSection
	GlobalSection(ExtensibilityGlobals) = postSolution
		SolutionGuid = {DC906360-97D5-4F78-9CF3-DAB8A399F989}
	EndGlobalSection
EndGlobal
